
Microsoft Visual Studio Solution File, Format Version 12.00
# Visual Studio 15
VisualStudioVersion = 15.0.28307.421
MinimumVisualStudioVersion = 10.0.40219.1
Project("{FAE04EC0-301F-11D3-BF4B-00C04F79EFBC}") = "Domain", "WindowsFormsControlLibrary1\Domain.csproj", "{5D148A58-49DB-4491-9421-34CE5575C54D}"
EndProject
Global
	GlobalSection(SolutionConfigurationPlatforms) = preSolution
		Debug|Any CPU = Debug|Any CPU
		Release|Any CPU = Release|Any CPU
	EndGlobalSection
	GlobalSection(ProjectConfigurationPlatforms) = postSolution
		{5D148A58-49DB-4491-9421-34CE5575C54D}.Debug|Any CPU.ActiveCfg = Debug|Any CPU
		{5D148A58-49DB-4491-9421-34CE5575C54D}.Debug|Any CPU.Build.0 = Debug|Any CPU
		{5D148A58-49DB-4491-9421-34CE5575C54D}.Release|Any CPU.ActiveCfg = Release|Any CPU
		{5D148A58-49DB-4491-9421-34CE5575C54D}.Release|Any CPU.Build.0 = Release|Any CPU
	EndGlobalSection
	GlobalSection(SolutionProperties) = preSolution
		HideSolutionNode = FALSE
	EndGlobalSection
	GlobalSection(ExtensibilityGlobals) = postSolution
		SolutionGuid = {DEDC5D98-6FFB-4A87-BC0E-03692DF304DF}
	EndGlobalSection
EndGlobal
